
Microsoft Visual Studio Solution File, Format Version 12.00
# Visual Studio Version 17
VisualStudioVersion = 17.6.33801.468
MinimumVisualStudioVersion = 10.0.40219.1
Project("{9A19103F-16F7-4668-BE54-9A1E7A4F7556}") = "Business Layer", "Bisness Layer\Business Layer.csproj", "{71CE1D25-ED88-4E26-98B0-774D95AD3B99}"
EndProject
Project("{9A19103F-16F7-4668-BE54-9A1E7A4F7556}") = "Data Layer", "Data Layer (CRUD)\Data Layer.csproj", "{DCAF475C-47AD-4FEF-8C42-090B66493FF2}"
EndProject
Global
	GlobalSection(SolutionConfigurationPlatforms) = preSolution
		Debug|Any CPU = Debug|Any CPU
		Release|Any CPU = Release|Any CPU
	EndGlobalSection
	GlobalSection(ProjectConfigurationPlatforms) = postSolution
		{71CE1D25-ED88-4E26-98B0-774D95AD3B99}.Debug|Any CPU.ActiveCfg = Debug|Any CPU
		{71CE1D25-ED88-4E26-98B0-774D95AD3B99}.Debug|Any CPU.Build.0 = Debug|Any CPU
		{71CE1D25-ED88-4E26-98B0-774D95AD3B99}.Release|Any CPU.ActiveCfg = Release|Any CPU
		{71CE1D25-ED88-4E26-98B0-774D95AD3B99}.Release|Any CPU.Build.0 = Release|Any CPU
		{DCAF475C-47AD-4FEF-8C42-090B66493FF2}.Debug|Any CPU.ActiveCfg = Debug|Any CPU
		{DCAF475C-47AD-4FEF-8C42-090B66493FF2}.Debug|Any CPU.Build.0 = Debug|Any CPU
		{DCAF475C-47AD-4FEF-8C42-090B66493FF2}.Release|Any CPU.ActiveCfg = Release|Any CPU
		{DCAF475C-47AD-4FEF-8C42-090B66493FF2}.Release|Any CPU.Build.0 = Release|Any CPU
	EndGlobalSection
	GlobalSection(SolutionProperties) = preSolution
		HideSolutionNode = FALSE
	EndGlobalSection
	GlobalSection(ExtensibilityGlobals) = postSolution
		SolutionGuid = {CF7D825E-B34E-4134-AF95-748272C79D37}
	EndGlobalSection
EndGlobal
